
Microsoft Visual Studio Solution File, Format Version 12.00
# Visual Studio Version 16
VisualStudioVersion = 16.0.29424.173
MinimumVisualStudioVersion = 10.0.40219.1
Project("{FAE04EC0-301F-11D3-BF4B-00C04F79EFBC}") = "LearningAsync", "LearningAsync\LearningAsync.csproj", "{D27B4B45-9080-46C6-B08F-C3999E202C63}"
EndProject
Global
	GlobalSection(SolutionConfigurationPlatforms) = preSolution
		Debug|Any CPU = Debug|Any CPU
		Release|Any CPU = Release|Any CPU
	EndGlobalSection
	GlobalSection(ProjectConfigurationPlatforms) = postSolution
		{D27B4B45-9080-46C6-B08F-C3999E202C63}.Debug|Any CPU.ActiveCfg = Debug|Any CPU
		{D27B4B45-9080-46C6-B08F-C3999E202C63}.Debug|Any CPU.Build.0 = Debug|Any CPU
		{D27B4B45-9080-46C6-B08F-C3999E202C63}.Release|Any CPU.ActiveCfg = Release|Any CPU
		{D27B4B45-9080-46C6-B08F-C3999E202C63}.Release|Any CPU.Build.0 = Release|Any CPU
	EndGlobalSection
	GlobalSection(SolutionProperties) = preSolution
		HideSolutionNode = FALSE
	EndGlobalSection
	GlobalSection(ExtensibilityGlobals) = postSolution
		SolutionGuid = {630DC4B5-3E6B-4D40-B578-15115BB5EF71}
	EndGlobalSection
EndGlobal
